// !$*UTF8*$!
{
	archiveVersion = 1;
	classes = {
	};
	objectVersion = 51;
	objects = {

/* Begin PBXBuildFile section */
		1DA7655F92F3A90D131D08B0 /* Pods_Animationvisualization.framework in Frameworks */ = {isa = PBXBuildFile; fileRef = 67FB025AC0A97DD74AB62FCC /* Pods_Animationvisualization.framework */; };
		FD1D5F0626F9BC560060C42E /* Animation.swift in Sources */ = {isa = PBXBuildFile; fileRef = FD1D5F0526F9BC560060C42E /* Animation.swift */; };
		FD7E977526F9B43D00751A18 /* AppDelegate.swift in Sources */ = {isa = PBXBuildFile; fileRef = FD7E977426F9B43D00751A18 /* AppDelegate.swift */; };
		FD7E977726F9B43D00751A18 /* SceneDelegate.swift in Sources */ = {isa = PBXBuildFile; fileRef = FD7E977626F9B43D00751A18 /* SceneDelegate.swift */; };
		FD7E977926F9B43D00751A18 /* MainViewController.swift in Sources */ = {isa = PBXBuildFile; fileRef = FD7E977826F9B43D00751A18 /* MainViewController.swift */; };
		FD7E977C26F9B43D00751A18 /* Main.storyboard in Resources */ = {isa = PBXBuildFile; fileRef = FD7E977A26F9B43D00751A18 /* Main.storyboard */; };
		FD7E977E26F9B44000751A18 /* Assets.xcassets in Resources */ = {isa = PBXBuildFile; fileRef = FD7E977D26F9B44000751A18 /* Assets.xcassets */; };
		FD7E978126F9B44000751A18 /* LaunchScreen.storyboard in Resources */ = {isa = PBXBuildFile; fileRef = FD7E977F26F9B44000751A18 /* LaunchScreen.storyboard */; };
		FDD8A0B826FC3F18009B05E8 /* DataManager.swift in Sources */ = {isa = PBXBuildFile; fileRef = FDD8A0B726FC3F18009B05E8 /* DataManager.swift */; };
/* End PBXBuildFile section */

/* Begin PBXFileReference section */
		3FB18C43396A26302452EFAC /* Pods-Animationvisualization.debug.xcconfig */ = {isa = PBXFileReference; includeInIndex = 1; lastKnownFileType = text.xcconfig; name = "Pods-Animationvisualization.debug.xcconfig"; path = "Target Support Files/Pods-Animationvisualization/Pods-Animationvisualization.debug.xcconfig"; sourceTree = "<group>"; };
		67FB025AC0A97DD74AB62FCC /* Pods_Animationvisualization.framework */ = {isa = PBXFileReference; explicitFileType = wrapper.framework; includeInIndex = 0; path = Pods_Animationvisualization.framework; sourceTree = BUILT_PRODUCTS_DIR; };
		6AB52D3F1EAE1C2BF0B7E579 /* Pods-Animationvisualization.release.xcconfig */ = {isa = PBXFileReference; includeInIndex = 1; lastKnownFileType = text.xcconfig; name = "Pods-Animationvisualization.release.xcconfig"; path = "Target Support Files/Pods-Animationvisualization/Pods-Animationvisualization.release.xcconfig"; sourceTree = "<group>"; };
		FD1D5F0526F9BC560060C42E /* Animation.swift */ = {isa = PBXFileReference; lastKnownFileType = sourcecode.swift; path = Animation.swift; sourceTree = "<group>"; };
		FD7E977126F9B43D00751A18 /* Animationvisualization.app */ = {isa = PBXFileReference; explicitFileType = wrapper.application; includeInIndex = 0; path = Animationvisualization.app; sourceTree = BUILT_PRODUCTS_DIR; };
		FD7E977426F9B43D00751A18 /* AppDelegate.swift */ = {isa = PBXFileReference; lastKnownFileType = sourcecode.swift; path = AppDelegate.swift; sourceTree = "<group>"; };
		FD7E977626F9B43D00751A18 /* SceneDelegate.swift */ = {isa = PBXFileReference; lastKnownFileType = sourcecode.swift; path = SceneDelegate.swift; sourceTree = "<group>"; };
		FD7E977826F9B43D00751A18 /* MainViewController.swift */ = {isa = PBXFileReference; lastKnownFileType = sourcecode.swift; path = MainViewController.swift; sourceTree = "<group>"; };
		FD7E977B26F9B43D00751A18 /* Base */ = {isa = PBXFileReference; lastKnownFileType = file.storyboard; name = Base; path = Base.lproj/Main.storyboard; sourceTree = "<group>"; };
		FD7E977D26F9B44000751A18 /* Assets.xcassets */ = {isa = PBXFileReference; lastKnownFileType = folder.assetcatalog; path = Assets.xcassets; sourceTree = "<group>"; };
		FD7E978026F9B44000751A18 /* Base */ = {isa = PBXFileReference; lastKnownFileType = file.storyboard; name = Base; path = Base.lproj/LaunchScreen.storyboard; sourceTree = "<group>"; };
		FD7E978226F9B44000751A18 /* Info.plist */ = {isa = PBXFileReference; lastKnownFileType = text.plist.xml; path = Info.plist; sourceTree = "<group>"; };
		FDD8A0B726FC3F18009B05E8 /* DataManager.swift */ = {isa = PBXFileReference; lastKnownFileType = sourcecode.swift; path = DataManager.swift; sourceTree = "<group>"; };
/* End PBXFileReference section */

/* Begin PBXFrameworksBuildPhase section */
		FD7E976E26F9B43D00751A18 /* Frameworks */ = {
			isa = PBXFrameworksBuildPhase;
			buildActionMask = 2147483647;
			files = (
				1DA7655F92F3A90D131D08B0 /* Pods_Animationvisualization.framework in Frameworks */,
			);
			runOnlyForDeploymentPostprocessing = 0;
		};
/* End PBXFrameworksBuildPhase section */

/* Begin PBXGroup section */
		86A5A1CB6414B487DFA5E889 /* Frameworks */ = {
			isa = PBXGroup;
			children = (
				67FB025AC0A97DD74AB62FCC /* Pods_Animationvisualization.framework */,
			);
			name = Frameworks;
			sourceTree = "<group>";
		};
		C530A41B3270CDA52B70A160 /* Pods */ = {
			isa = PBXGroup;
			children = (
				3FB18C43396A26302452EFAC /* Pods-Animationvisualization.debug.xcconfig */,
				6AB52D3F1EAE1C2BF0B7E579 /* Pods-Animationvisualization.release.xcconfig */,
			);
			path = Pods;
			sourceTree = "<group>";
		};
		FD1D5F0126F9B9D30060C42E /* Storyboards */ = {
			isa = PBXGroup;
			children = (
				FD7E977A26F9B43D00751A18 /* Main.storyboard */,
				FD7E977F26F9B44000751A18 /* LaunchScreen.storyboard */,
			);
			path = Storyboards;
			sourceTree = "<group>";
		};
		FD1D5F0226F9BBAD0060C42E /* App */ = {
			isa = PBXGroup;
			children = (
				FD7E978226F9B44000751A18 /* Info.plist */,
				FD7E977426F9B43D00751A18 /* AppDelegate.swift */,
				FD7E977626F9B43D00751A18 /* SceneDelegate.swift */,
			);
			path = App;
			sourceTree = "<group>";
		};
		FD1D5F0326F9BBEC0060C42E /* ViewControllers */ = {
			isa = PBXGroup;
			children = (
				FD7E977826F9B43D00751A18 /* MainViewController.swift */,
			);
			path = ViewControllers;
			sourceTree = "<group>";
		};
		FD1D5F0426F9BC320060C42E /* Resources */ = {
			isa = PBXGroup;
			children = (
				FD7E977D26F9B44000751A18 /* Assets.xcassets */,
			);
			path = Resources;
			sourceTree = "<group>";
		};
		FD1D5F0726F9BC5F0060C42E /* Models */ = {
			isa = PBXGroup;
			children = (
				FD1D5F0526F9BC560060C42E /* Animation.swift */,
			);
			path = Models;
			sourceTree = "<group>";
		};
		FD7E976826F9B43D00751A18 = {
			isa = PBXGroup;
			children = (
				FD7E977326F9B43D00751A18 /* Animationvisualization */,
				FD7E977226F9B43D00751A18 /* Products */,
				C530A41B3270CDA52B70A160 /* Pods */,
				86A5A1CB6414B487DFA5E889 /* Frameworks */,
			);
			sourceTree = "<group>";
		};
		FD7E977226F9B43D00751A18 /* Products */ = {
			isa = PBXGroup;
			children = (
				FD7E977126F9B43D00751A18 /* Animationvisualization.app */,
			);
			name = Products;
			sourceTree = "<group>";
		};
		FD7E977326F9B43D00751A18 /* Animationvisualization */ = {
			isa = PBXGroup;
			children = (
				FDD8A0B926FC518F009B05E8 /* Services */,
				FD1D5F0726F9BC5F0060C42E /* Models */,
				FD1D5F0226F9BBAD0060C42E /* App */,
				FD1D5F0326F9BBEC0060C42E /* ViewControllers */,
				FD1D5F0126F9B9D30060C42E /* Storyboards */,
				FD1D5F0426F9BC320060C42E /* Resources */,
			);
			path = Animationvisualization;
			sourceTree = "<group>";
		};
		FDD8A0B926FC518F009B05E8 /* Services */ = {
			isa = PBXGroup;
			children = (
				FDD8A0B726FC3F18009B05E8 /* DataManager.swift */,
			);
			path = Services;
			sourceTree = "<group>";
		};
/* End PBXGroup section */

/* Begin PBXNativeTarget section */
		FD7E977026F9B43D00751A18 /* Animationvisualization */ = {
			isa = PBXNativeTarget;
			buildConfigurationList = FD7E978526F9B44000751A18 /* Build configuration list for PBXNativeTarget "Animationvisualization" */;
			buildPhases = (
				58BECA1968EE3FD176CEA154 /* [CP] Check Pods Manifest.lock */,
				FD7E976D26F9B43D00751A18 /* Sources */,
				FD7E976E26F9B43D00751A18 /* Frameworks */,
				FD7E976F26F9B43D00751A18 /* Resources */,
				BE0289BAF7505EE8E35FD796 /* [CP] Embed Pods Frameworks */,
			);
			buildRules = (
			);
			dependencies = (
			);
			name = Animationvisualization;
			productName = Animationvisualization;
			productReference = FD7E977126F9B43D00751A18 /* Animationvisualization.app */;
			productType = "com.apple.product-type.application";
		};
/* End PBXNativeTarget section */

/* Begin PBXProject section */
		FD7E976926F9B43D00751A18 /* Project object */ = {
			isa = PBXProject;
			attributes = {
				LastSwiftUpdateCheck = 1250;
				LastUpgradeCheck = 1250;
				TargetAttributes = {
					FD7E977026F9B43D00751A18 = {
						CreatedOnToolsVersion = 12.5.1;
					};
				};
			};
			buildConfigurationList = FD7E976C26F9B43D00751A18 /* Build configuration list for PBXProject "Animationvisualization" */;
			compatibilityVersion = "Xcode 9.3";
			developmentRegion = en;
			hasScannedForEncodings = 0;
			knownRegions = (
				en,
				Base,
			);
			mainGroup = FD7E976826F9B43D00751A18;
			productRefGroup = FD7E977226F9B43D00751A18 /* Products */;
			projectDirPath = "";
			projectRoot = "";
			targets = (
				FD7E977026F9B43D00751A18 /* Animationvisualization */,
			);
		};
/* End PBXProject section */

/* Begin PBXResourcesBuildPhase section */
		FD7E976F26F9B43D00751A18 /* Resources */ = {
			isa = PBXResourcesBuildPhase;
			buildActionMask = 2147483647;
			files = (
				FD7E978126F9B44000751A18 /* LaunchScreen.storyboard in Resources */,
				FD7E977E26F9B44000751A18 /* Assets.xcassets in Resources */,
				FD7E977C26F9B43D00751A18 /* Main.storyboard in Resources */,
			);
			runOnlyForDeploymentPostprocessing = 0;
		};
/* End PBXResourcesBuildPhase section */

/* Begin PBXShellScriptBuildPhase section */
		58BECA1968EE3FD176CEA154 /* [CP] Check Pods Manifest.lock */ = {
			isa = PBXShellScriptBuildPhase;
			buildActionMask = 2147483647;
			files = (
			);
			inputFileListPaths = (
			);
			inputPaths = (
				"${PODS_PODFILE_DIR_PATH}/Podfile.lock",
				"${PODS_ROOT}/Manifest.lock",
			);
			name = "[CP] Check Pods Manifest.lock";
			outputFileListPaths = (
			);
			outputPaths = (
				"$(DERIVED_FILE_DIR)/Pods-Animationvisualization-checkManifestLockResult.txt",
			);
			runOnlyForDeploymentPostprocessing = 0;
			shellPath = /bin/sh;
			shellScript = "diff \"${PODS_PODFILE_DIR_PATH}/Podfile.lock\" \"${PODS_ROOT}/Manifest.lock\" > /dev/null\nif [ $? != 0 ] ; then\n    # print error to STDERR\n    echo \"error: The sandbox is not in sync with the Podfile.lock. Run 'pod install' or update your CocoaPods installation.\" >&2\n    exit 1\nfi\n# This output is used by Xcode 'outputs' to avoid re-running this script phase.\necho \"SUCCESS\" > \"${SCRIPT_OUTPUT_FILE_0}\"\n";
			showEnvVarsInLog = 0;
		};
		BE0289BAF7505EE8E35FD796 /* [CP] Embed Pods Frameworks */ = {
			isa = PBXShellScriptBuildPhase;
			buildActionMask = 2147483647;
			files = (
			);
			inputFileListPaths = (
				"${PODS_ROOT}/Target Support Files/Pods-Animationvisualization/Pods-Animationvisualization-frameworks-${CONFIGURATION}-input-files.xcfilelist",
			);
			name = "[CP] Embed Pods Frameworks";
			outputFileListPaths = (
				"${PODS_ROOT}/Target Support Files/Pods-Animationvisualization/Pods-Animationvisualization-frameworks-${CONFIGURATION}-output-files.xcfilelist",
			);
			runOnlyForDeploymentPostprocessing = 0;
			shellPath = /bin/sh;
			shellScript = "\"${PODS_ROOT}/Target Support Files/Pods-Animationvisualization/Pods-Animationvisualization-frameworks.sh\"\n";
			showEnvVarsInLog = 0;
		};
/* End PBXShellScriptBuildPhase section */

/* Begin PBXSourcesBuildPhase section */
		FD7E976D26F9B43D00751A18 /* Sources */ = {
			isa = PBXSourcesBuildPhase;
			buildActionMask = 2147483647;
			files = (
				FD1D5F0626F9BC560060C42E /* Animation.swift in Sources */,
				FDD8A0B826FC3F18009B05E8 /* DataManager.swift in Sources */,
				FD7E977926F9B43D00751A18 /* MainViewController.swift in Sources */,
				FD7E977526F9B43D00751A18 /* AppDelegate.swift in Sources */,
				FD7E977726F9B43D00751A18 /* SceneDelegate.swift in Sources */,
			);
			runOnlyForDeploymentPostprocessing = 0;
		};
/* End PBXSourcesBuildPhase section */

/* Begin PBXVariantGroup section */
		FD7E977A26F9B43D00751A18 /* Main.storyboard */ = {
			isa = PBXVariantGroup;
			children = (
				FD7E977B26F9B43D00751A18 /* Base */,
			);
			name = Main.storyboard;
			sourceTree = "<group>";
		};
		FD7E977F26F9B44000751A18 /* LaunchScreen.storyboard */ = {
			isa = PBXVariantGroup;
			children = (
				FD7E978026F9B44000751A18 /* Base */,
			);
			name = LaunchScreen.storyboard;
			sourceTree = "<group>";
		};
/* End PBXVariantGroup section */

/* Begin XCBuildConfiguration section */
		FD7E978326F9B44000751A18 /* Debug */ = {
			isa = XCBuildConfiguration;
			buildSettings = {
				ALWAYS_SEARCH_USER_PATHS = NO;
				CLANG_ANALYZER_NONNULL = YES;
				CLANG_ANALYZER_NUMBER_OBJECT_CONVERSION = YES_AGGRESSIVE;
				CLANG_CXX_LANGUAGE_STANDARD = "gnu++14";
				CLANG_CXX_LIBRARY = "libc++";
				CLANG_ENABLE_MODULES = YES;
				CLANG_ENABLE_OBJC_ARC = YES;
				CLANG_ENABLE_OBJC_WEAK = YES;
				CLANG_WARN_BLOCK_CAPTURE_AUTORELEASING = YES;
				CLANG_WARN_BOOL_CONVERSION = YES;
				CLANG_WARN_COMMA = YES;
				CLANG_WARN_CONSTANT_CONVERSION = YES;
				CLANG_WARN_DEPRECATED_OBJC_IMPLEMENTATIONS = YES;
				CLANG_WARN_DIRECT_OBJC_ISA_USAGE = YES_ERROR;
				CLANG_WARN_DOCUMENTATION_COMMENTS = YES;
				CLANG_WARN_EMPTY_BODY = YES;
				CLANG_WARN_ENUM_CONVERSION = YES;
				CLANG_WARN_INFINITE_RECURSION = YES;
				CLANG_WARN_INT_CONVERSION = YES;
				CLANG_WARN_NON_LITERAL_NULL_CONVERSION = YES;
				CLANG_WARN_OBJC_IMPLICIT_RETAIN_SELF = YES;
				CLANG_WARN_OBJC_LITERAL_CONVERSION = YES;
				CLANG_WARN_OBJC_ROOT_CLASS = YES_ERROR;
				CLANG_WARN_QUOTED_INCLUDE_IN_FRAMEWORK_HEADER = YES;
				CLANG_WARN_RANGE_LOOP_ANALYSIS = YES;
				CLANG_WARN_STRICT_PROTOTYPES = YES;
				CLANG_WARN_SUSPICIOUS_MOVE = YES;
				CLANG_WARN_UNGUARDED_AVAILABILITY = YES_AGGRESSIVE;
				CLANG_WARN_UNREACHABLE_CODE = YES;
				CLANG_WARN__DUPLICATE_METHOD_MATCH = YES;
				COPY_PHASE_STRIP = NO;
				DEBUG_INFORMATION_FORMAT = dwarf;
				ENABLE_STRICT_OBJC_MSGSEND = YES;
				ENABLE_TESTABILITY = YES;
				GCC_C_LANGUAGE_STANDARD = gnu11;
				GCC_DYNAMIC_NO_PIC = NO;
				GCC_NO_COMMON_BLOCKS = YES;
				GCC_OPTIMIZATION_LEVEL = 0;
				GCC_PREPROCESSOR_DEFINITIONS = (
					"DEBUG=1",
					"$(inherited)",
				);
				GCC_WARN_64_TO_32_BIT_CONVERSION = YES;
				GCC_WARN_ABOUT_RETURN_TYPE = YES_ERROR;
				GCC_WARN_UNDECLARED_SELECTOR = YES;
				GCC_WARN_UNINITIALIZED_AUTOS = YES_AGGRESSIVE;
				GCC_WARN_UNUSED_FUNCTION = YES;
				GCC_WARN_UNUSED_VARIABLE = YES;
				IPHONEOS_DEPLOYMENT_TARGET = 14.5;
				MTL_ENABLE_DEBUG_INFO = INCLUDE_SOURCE;
				MTL_FAST_MATH = YES;
				ONLY_ACTIVE_ARCH = YES;
				SDKROOT = iphoneos;
				SWIFT_ACTIVE_COMPILATION_CONDITIONS = DEBUG;
				SWIFT_OPTIMIZATION_LEVEL = "-Onone";
			};
			name = Debug;
		};
		FD7E978426F9B44000751A18 /* Release */ = {
			isa = XCBuildConfiguration;
			buildSettings = {
				ALWAYS_SEARCH_USER_PATHS = NO;
				CLANG_ANALYZER_NONNULL = YES;
				CLANG_ANALYZER_NUMBER_OBJECT_CONVERSION = YES_AGGRESSIVE;
				CLANG_CXX_LANGUAGE_STANDARD = "gnu++14";
				CLANG_CXX_LIBRARY = "libc++";
				CLANG_ENABLE_MODULES = YES;
				CLANG_ENABLE_OBJC_ARC = YES;
				CLANG_ENABLE_OBJC_WEAK = YES;
				CLANG_WARN_BLOCK_CAPTURE_AUTORELEASING = YES;
				CLANG_WARN_BOOL_CONVERSION = YES;
				CLANG_WARN_COMMA = YES;
				CLANG_WARN_CONSTANT_CONVERSION = YES;
				CLANG_WARN_DEPRECATED_OBJC_IMPLEMENTATIONS = YES;
				CLANG_WARN_DIRECT_OBJC_ISA_USAGE = YES_ERROR;
				CLANG_WARN_DOCUMENTATION_COMMENTS = YES;
				CLANG_WARN_EMPTY_BODY = YES;
				CLANG_WARN_ENUM_CONVERSION = YES;
				CLANG_WARN_INFINITE_RECURSION = YES;
				CLANG_WARN_INT_CONVERSION = YES;
				CLANG_WARN_NON_LITERAL_NULL_CONVERSION = YES;
				CLANG_WARN_OBJC_IMPLICIT_RETAIN_SELF = YES;
				CLANG_WARN_OBJC_LITERAL_CONVERSION = YES;
				CLANG_WARN_OBJC_ROOT_CLASS = YES_ERROR;
				CLANG_WARN_QUOTED_INCLUDE_IN_FRAMEWORK_HEADER = YES;
				CLANG_WARN_RANGE_LOOP_ANALYSIS = YES;
				CLANG_WARN_STRICT_PROTOTYPES = YES;
				CLANG_WARN_SUSPICIOUS_MOVE = YES;
				CLANG_WARN_UNGUARDED_AVAILABILITY = YES_AGGRESSIVE;
				CLANG_WARN_UNREACHABLE_CODE = YES;
				CLANG_WARN__DUPLICATE_METHOD_MATCH = YES;
				COPY_PHASE_STRIP = NO;
				DEBUG_INFORMATION_FORMAT = "dwarf-with-dsym";
				ENABLE_NS_ASSERTIONS = NO;
				ENABLE_STRICT_OBJC_MSGSEND = YES;
				GCC_C_LANGUAGE_STANDARD = gnu11;
				GCC_NO_COMMON_BLOCKS = YES;
				GCC_WARN_64_TO_32_BIT_CONVERSION = YES;
				GCC_WARN_ABOUT_RETURN_TYPE = YES_ERROR;
				GCC_WARN_UNDECLARED_SELECTOR = YES;
				GCC_WARN_UNINITIALIZED_AUTOS = YES_AGGRESSIVE;
				GCC_WARN_UNUSED_FUNCTION = YES;
				GCC_WARN_UNUSED_VARIABLE = YES;
				IPHONEOS_DEPLOYMENT_TARGET = 14.5;
				MTL_ENABLE_DEBUG_INFO = NO;
				MTL_FAST_MATH = YES;
				SDKROOT = iphoneos;
				SWIFT_COMPILATION_MODE = wholemodule;
				SWIFT_OPTIMIZATION_LEVEL = "-O";
				VALIDATE_PRODUCT = YES;
			};
			name = Release;
		};
		FD7E978626F9B44000751A18 /* Debug */ = {
			isa = XCBuildConfiguration;
			baseConfigurationReference = 3FB18C43396A26302452EFAC /* Pods-Animationvisualization.debug.xcconfig */;
			buildSettings = {
				ASSETCATALOG_COMPILER_APPICON_NAME = AppIcon;
				ASSETCATALOG_COMPILER_GLOBAL_ACCENT_COLOR_NAME = AccentColor;
				CODE_SIGN_STYLE = Automatic;
				DEVELOPMENT_TEAM = 93336KV4Q7;
				INFOPLIST_FILE = Animationvisualization/App/Info.plist;
				LD_RUNPATH_SEARCH_PATHS = (
					"$(inherited)",
					"@executable_path/Frameworks",
				);
				PRODUCT_BUNDLE_IDENTIFIER = com.nadzeya.shpakouskaya.Animationvisualization;
				PRODUCT_NAME = "$(TARGET_NAME)";
				SWIFT_VERSION = 5.0;
				TARGETED_DEVICE_FAMILY = "1,2";
			};
			name = Debug;
		};
		FD7E978726F9B44000751A18 /* Release */ = {
			isa = XCBuildConfiguration;
			baseConfigurationReference = 6AB52D3F1EAE1C2BF0B7E579 /* Pods-Animationvisualization.release.xcconfig */;
			buildSettings = {
				ASSETCATALOG_COMPILER_APPICON_NAME = AppIcon;
				ASSETCATALOG_COMPILER_GLOBAL_ACCENT_COLOR_NAME = AccentColor;
				CODE_SIGN_STYLE = Automatic;
				DEVELOPMENT_TEAM = 93336KV4Q7;
				INFOPLIST_FILE = Animationvisualization/App/Info.plist;
				LD_RUNPATH_SEARCH_PATHS = (
					"$(inherited)",
					"@executable_path/Frameworks",
				);
				PRODUCT_BUNDLE_IDENTIFIER = com.nadzeya.shpakouskaya.Animationvisualization;
				PRODUCT_NAME = "$(TARGET_NAME)";
				SWIFT_VERSION = 5.0;
				TARGETED_DEVICE_FAMILY = "1,2";
			};
			name = Release;
		};
/* End XCBuildConfiguration section */

/* Begin XCConfigurationList section */
		FD7E976C26F9B43D00751A18 /* Build configuration list for PBXProject "Animationvisualization" */ = {
			isa = XCConfigurationList;
			buildConfigurations = (
				FD7E978326F9B44000751A18 /* Debug */,
				FD7E978426F9B44000751A18 /* Release */,
			);
			defaultConfigurationIsVisible = 0;
			defaultConfigurationName = Release;
		};
		FD7E978526F9B44000751A18 /* Build configuration list for PBXNativeTarget "Animationvisualization" */ = {
			isa = XCConfigurationList;
			buildConfigurations = (
				FD7E978626F9B44000751A18 /* Debug */,
				FD7E978726F9B44000751A18 /* Release */,
			);
			defaultConfigurationIsVisible = 0;
			defaultConfigurationName = Release;
		};
/* End XCConfigurationList section */
	};
	rootObject = FD7E976926F9B43D00751A18 /* Project object */;
}
